
Microsoft Visual Studio Solution File, Format Version 12.00
# Visual Studio 2013
VisualStudioVersion = 12.0.31101.0
MinimumVisualStudioVersion = 10.0.40219.1
Project("{FAE04EC0-301F-11D3-BF4B-00C04F79EFBC}") = "Lithnet.ResourceManagement.WebService", "Lithnet.ResourceManagement.WebService.csproj", "{FFCEED27-07FC-4C47-88E2-A432E449F440}"
EndProject
Global
	GlobalSection(SolutionConfigurationPlatforms) = preSolution
		Debug|Any CPU = Debug|Any CPU
		Release (nuget)|Any CPU = Release (nuget)|Any CPU
		Release|Any CPU = Release|Any CPU
	EndGlobalSection
	GlobalSection(ProjectConfigurationPlatforms) = postSolution
		{FFCEED27-07FC-4C47-88E2-A432E449F440}.Debug|Any CPU.ActiveCfg = Debug|Any CPU
		{FFCEED27-07FC-4C47-88E2-A432E449F440}.Debug|Any CPU.Build.0 = Debug|Any CPU
		{FFCEED27-07FC-4C47-88E2-A432E449F440}.Release (nuget)|Any CPU.ActiveCfg = Release|Any CPU
		{FFCEED27-07FC-4C47-88E2-A432E449F440}.Release (nuget)|Any CPU.Build.0 = Release|Any CPU
		{FFCEED27-07FC-4C47-88E2-A432E449F440}.Release|Any CPU.ActiveCfg = Release|Any CPU
		{FFCEED27-07FC-4C47-88E2-A432E449F440}.Release|Any CPU.Build.0 = Release|Any CPU
	EndGlobalSection
	GlobalSection(SolutionProperties) = preSolution
		HideSolutionNode = FALSE
	EndGlobalSection
EndGlobal
